
Microsoft Visual Studio Solution File, Format Version 12.00
# Visual Studio Version 17
VisualStudioVersion = 17.2.32602.215
MinimumVisualStudioVersion = 10.0.40219.1
Project("{6EC3EE1D-3C4E-46DD-8F32-0CC8E7565705}") = "Aoc19.Common", "Aoc19.Common\Aoc19.Common.fsproj", "{EA448D78-88EB-4D6D-8CDC-22FB0D4A0FCA}"
EndProject
Project("{2150E333-8FDC-42A3-9474-1A3956D46DE8}") = "Puzzles-01-08", "Puzzles-01-08", "{6D74E5AF-240D-48EF-8306-537675FDFA65}"
EndProject
Project("{6EC3EE1D-3C4E-46DD-8F32-0CC8E7565705}") = "Aoc19.D01", "Aoc19.D01\Aoc19.D01.fsproj", "{B67D0015-FF08-465B-8DF1-E1E938B74B43}"
EndProject
Project("{2150E333-8FDC-42A3-9474-1A3956D46DE8}") = "Common", "Common", "{2D7BBADB-EA99-46B1-A34E-E12C8DB4A40E}"
EndProject
Project("{6EC3EE1D-3C4E-46DD-8F32-0CC8E7565705}") = "Aoc19.D02", "Aoc19.D02\Aoc19.D02.fsproj", "{84B9DBB0-E3FA-420B-A499-BFE0D9D35EE5}"
EndProject
Project("{2150E333-8FDC-42A3-9474-1A3956D46DE8}") = "Test", "Test", "{8B01BED3-6FD2-4B14-96CC-B9871FF5EDFA}"
EndProject
Project("{6EC3EE1D-3C4E-46DD-8F32-0CC8E7565705}") = "Aoc19.Test", "Aoc19.Test\Aoc19.Test.fsproj", "{6F92B48F-CA3F-4A2A-BBAC-FCEBF55AD084}"
EndProject
Project("{6EC3EE1D-3C4E-46DD-8F32-0CC8E7565705}") = "Aoc19.D03", "Aoc19.D03\Aoc19.D03.fsproj", "{2F3E0887-9E38-48A0-9E03-39EAC1762EEF}"
EndProject
Project("{6EC3EE1D-3C4E-46DD-8F32-0CC8E7565705}") = "Aoc19.D04", "Aoc19.D04\Aoc19.D04.fsproj", "{638360E8-D3AD-4346-9DA6-9046F74C5CF3}"
EndProject
Project("{6EC3EE1D-3C4E-46DD-8F32-0CC8E7565705}") = "Aoc19.D05", "Aoc19.D05\Aoc19.D05.fsproj", "{D6276220-E1A5-4252-B7E8-F40769D09C36}"
EndProject
Project("{6EC3EE1D-3C4E-46DD-8F32-0CC8E7565705}") = "Aoc19.D06", "Aoc19.D06\Aoc19.D06.fsproj", "{7E0FDC28-0499-4956-8B83-615DF8A8F2D9}"
EndProject
Project("{6EC3EE1D-3C4E-46DD-8F32-0CC8E7565705}") = "Aoc19.D07", "Aoc19.D07\Aoc19.D07.fsproj", "{E7FA1159-2C66-4152-82E4-6F926ED23110}"
EndProject
Global
	GlobalSection(SolutionConfigurationPlatforms) = preSolution
		Debug|Any CPU = Debug|Any CPU
		Release|Any CPU = Release|Any CPU
	EndGlobalSection
	GlobalSection(ProjectConfigurationPlatforms) = postSolution
		{EA448D78-88EB-4D6D-8CDC-22FB0D4A0FCA}.Debug|Any CPU.ActiveCfg = Debug|Any CPU
		{EA448D78-88EB-4D6D-8CDC-22FB0D4A0FCA}.Debug|Any CPU.Build.0 = Debug|Any CPU
		{EA448D78-88EB-4D6D-8CDC-22FB0D4A0FCA}.Release|Any CPU.ActiveCfg = Release|Any CPU
		{EA448D78-88EB-4D6D-8CDC-22FB0D4A0FCA}.Release|Any CPU.Build.0 = Release|Any CPU
		{B67D0015-FF08-465B-8DF1-E1E938B74B43}.Debug|Any CPU.ActiveCfg = Debug|Any CPU
		{B67D0015-FF08-465B-8DF1-E1E938B74B43}.Debug|Any CPU.Build.0 = Debug|Any CPU
		{B67D0015-FF08-465B-8DF1-E1E938B74B43}.Release|Any CPU.ActiveCfg = Release|Any CPU
		{B67D0015-FF08-465B-8DF1-E1E938B74B43}.Release|Any CPU.Build.0 = Release|Any CPU
		{84B9DBB0-E3FA-420B-A499-BFE0D9D35EE5}.Debug|Any CPU.ActiveCfg = Debug|Any CPU
		{84B9DBB0-E3FA-420B-A499-BFE0D9D35EE5}.Debug|Any CPU.Build.0 = Debug|Any CPU
		{84B9DBB0-E3FA-420B-A499-BFE0D9D35EE5}.Release|Any CPU.ActiveCfg = Release|Any CPU
		{84B9DBB0-E3FA-420B-A499-BFE0D9D35EE5}.Release|Any CPU.Build.0 = Release|Any CPU
		{6F92B48F-CA3F-4A2A-BBAC-FCEBF55AD084}.Debug|Any CPU.ActiveCfg = Debug|Any CPU
		{6F92B48F-CA3F-4A2A-BBAC-FCEBF55AD084}.Debug|Any CPU.Build.0 = Debug|Any CPU
		{6F92B48F-CA3F-4A2A-BBAC-FCEBF55AD084}.Release|Any CPU.ActiveCfg = Release|Any CPU
		{6F92B48F-CA3F-4A2A-BBAC-FCEBF55AD084}.Release|Any CPU.Build.0 = Release|Any CPU
		{2F3E0887-9E38-48A0-9E03-39EAC1762EEF}.Debug|Any CPU.ActiveCfg = Debug|Any CPU
		{2F3E0887-9E38-48A0-9E03-39EAC1762EEF}.Debug|Any CPU.Build.0 = Debug|Any CPU
		{2F3E0887-9E38-48A0-9E03-39EAC1762EEF}.Release|Any CPU.ActiveCfg = Release|Any CPU
		{2F3E0887-9E38-48A0-9E03-39EAC1762EEF}.Release|Any CPU.Build.0 = Release|Any CPU
		{638360E8-D3AD-4346-9DA6-9046F74C5CF3}.Debug|Any CPU.ActiveCfg = Debug|Any CPU
		{638360E8-D3AD-4346-9DA6-9046F74C5CF3}.Debug|Any CPU.Build.0 = Debug|Any CPU
		{638360E8-D3AD-4346-9DA6-9046F74C5CF3}.Release|Any CPU.ActiveCfg = Release|Any CPU
		{638360E8-D3AD-4346-9DA6-9046F74C5CF3}.Release|Any CPU.Build.0 = Release|Any CPU
		{D6276220-E1A5-4252-B7E8-F40769D09C36}.Debug|Any CPU.ActiveCfg = Debug|Any CPU
		{D6276220-E1A5-4252-B7E8-F40769D09C36}.Debug|Any CPU.Build.0 = Debug|Any CPU
		{D6276220-E1A5-4252-B7E8-F40769D09C36}.Release|Any CPU.ActiveCfg = Release|Any CPU
		{D6276220-E1A5-4252-B7E8-F40769D09C36}.Release|Any CPU.Build.0 = Release|Any CPU
		{7E0FDC28-0499-4956-8B83-615DF8A8F2D9}.Debug|Any CPU.ActiveCfg = Debug|Any CPU
		{7E0FDC28-0499-4956-8B83-615DF8A8F2D9}.Debug|Any CPU.Build.0 = Debug|Any CPU
		{7E0FDC28-0499-4956-8B83-615DF8A8F2D9}.Release|Any CPU.ActiveCfg = Release|Any CPU
		{7E0FDC28-0499-4956-8B83-615DF8A8F2D9}.Release|Any CPU.Build.0 = Release|Any CPU
		{E7FA1159-2C66-4152-82E4-6F926ED23110}.Debug|Any CPU.ActiveCfg = Debug|Any CPU
		{E7FA1159-2C66-4152-82E4-6F926ED23110}.Debug|Any CPU.Build.0 = Debug|Any CPU
		{E7FA1159-2C66-4152-82E4-6F926ED23110}.Release|Any CPU.ActiveCfg = Release|Any CPU
		{E7FA1159-2C66-4152-82E4-6F926ED23110}.Release|Any CPU.Build.0 = Release|Any CPU
	EndGlobalSection
	GlobalSection(SolutionProperties) = preSolution
		HideSolutionNode = FALSE
	EndGlobalSection
	GlobalSection(NestedProjects) = preSolution
		{EA448D78-88EB-4D6D-8CDC-22FB0D4A0FCA} = {2D7BBADB-EA99-46B1-A34E-E12C8DB4A40E}
		{B67D0015-FF08-465B-8DF1-E1E938B74B43} = {6D74E5AF-240D-48EF-8306-537675FDFA65}
		{84B9DBB0-E3FA-420B-A499-BFE0D9D35EE5} = {6D74E5AF-240D-48EF-8306-537675FDFA65}
		{6F92B48F-CA3F-4A2A-BBAC-FCEBF55AD084} = {8B01BED3-6FD2-4B14-96CC-B9871FF5EDFA}
		{2F3E0887-9E38-48A0-9E03-39EAC1762EEF} = {6D74E5AF-240D-48EF-8306-537675FDFA65}
		{638360E8-D3AD-4346-9DA6-9046F74C5CF3} = {6D74E5AF-240D-48EF-8306-537675FDFA65}
		{D6276220-E1A5-4252-B7E8-F40769D09C36} = {6D74E5AF-240D-48EF-8306-537675FDFA65}
		{7E0FDC28-0499-4956-8B83-615DF8A8F2D9} = {6D74E5AF-240D-48EF-8306-537675FDFA65}
		{E7FA1159-2C66-4152-82E4-6F926ED23110} = {6D74E5AF-240D-48EF-8306-537675FDFA65}
	EndGlobalSection
	GlobalSection(ExtensibilityGlobals) = postSolution
		SolutionGuid = {9CF1BE74-837F-4959-9043-7001DE5E6527}
	EndGlobalSection
EndGlobal
